
Microsoft Visual Studio Solution File, Format Version 12.00
# Visual Studio 15
VisualStudioVersion = 15.0.27428.2015
MinimumVisualStudioVersion = 10.0.40219.1
Project("{F184B08F-C81C-45F6-A57F-5ABD9991F28F}") = "UnitConversion", "UnitConversion\UnitConversion.vbproj", "{EE80BB5D-373C-4FF9-8CFF-66D15A75E0AB}"
EndProject
Global
	GlobalSection(SolutionConfigurationPlatforms) = preSolution
		Debug|Any CPU = Debug|Any CPU
		Release|Any CPU = Release|Any CPU
	EndGlobalSection
	GlobalSection(ProjectConfigurationPlatforms) = postSolution
		{EE80BB5D-373C-4FF9-8CFF-66D15A75E0AB}.Debug|Any CPU.ActiveCfg = Debug|Any CPU
		{EE80BB5D-373C-4FF9-8CFF-66D15A75E0AB}.Debug|Any CPU.Build.0 = Debug|Any CPU
		{EE80BB5D-373C-4FF9-8CFF-66D15A75E0AB}.Release|Any CPU.ActiveCfg = Release|Any CPU
		{EE80BB5D-373C-4FF9-8CFF-66D15A75E0AB}.Release|Any CPU.Build.0 = Release|Any CPU
	EndGlobalSection
	GlobalSection(SolutionProperties) = preSolution
		HideSolutionNode = FALSE
	EndGlobalSection
	GlobalSection(ExtensibilityGlobals) = postSolution
		SolutionGuid = {BF234A3A-5F96-47F2-BBA4-501BCA7A9A7A}
	EndGlobalSection
EndGlobal
